version = 1
revision = 3
requires-python = ">=3.13"

[[package]]
name = "cmd2"
version = "3.1.3"
source = { registry = "https://pypi.org/simple" }
dependencies = [
    { name = "gnureadline", marker = "sys_platform == 'darwin'" },
    { name = "pyperclip" },
    { name = "pyreadline3", marker = "sys_platform == 'win32'" },
    { name = "rich" },
    { name = "rich-argparse" },
]
sdist = { url = "https://files.pythonhosted.org/packages/b7/ff/3864565b2c043cf1f1c436ba57ef32405893e67a59ccf670e032a1e47eb1/cmd2-3.1.3.tar.gz", hash = "sha256:dde13c990dafd2aedcf12ed64e5ec3fcddc1f1513ac6e5dacb0b3899464df4b9", size = 709193, upload-time = "2026-02-03T20:34:23.961Z" }
wheels = [
    { url = "https://files.pythonhosted.org/packages/20/03/64094d1aa4c9444d47ee894c79ded92ac0838ef35a53611e2523c9bf5fd3/cmd2-3.1.3-py3-none-any.whl", hash = "sha256:70cb0292b25deb15e1ce2e732028a8fef04b6fb2d0a397c70068c59f3dd5b3a8", size = 148864, upload-time = "2026-02-03T20:34:26.126Z" },
]

[[package]]
name = "gnureadline"
version = "8.3.3"
source = { registry = "https://pypi.org/simple" }
sdist = { url = "https://files.pythonhosted.org/packages/34/33/d0a1a41e687f0d1956cc5a7b07735c6893f3fa061440fddb7a2c9d2bcd35/gnureadline-8.3.3.tar.gz", hash = "sha256:0972392bd2f31244e2d981178246fe8b729c8766454fdaeb275946ac47b7e9fd", size = 3595875, upload-time = "2026-01-06T15:03:17.802Z" }
wheels = [
    { url = "https://files.pythonhosted.org/packages/1d/a6/69fc7b54bbc74797c8ede68904b6b1f3fe9c891f1bb6be12a6b40d5aa76c/gnureadline-8.3.3-cp313-cp313-macosx_10_13_x86_64.whl", hash = "sha256:14df36d06f8102caadff0df0a87ba33b381c2b22904f0ed2ad527784f5ec9f46", size = 167501, upload-time = "2026-01-06T15:04:11.297Z" },
    { url = "https://files.pythonhosted.org/packages/12/ae/1a20910eee2582eab73c4aea1ff6bd71ba78e0d12d58cddec32e7936fb42/gnureadline-8.3.3-cp313-cp313-macosx_11_0_arm64.whl", hash = "sha256:75519fea565510a868389cd841e45d64140a323d723dda30edf72009c2e3362f", size = 167327, upload-time = "2026-01-06T15:04:12.401Z" },
    { url = "https://files.pythonhosted.org/packages/2a/ea/93d9bcccb3f0b02f9cf07c57c2492512f75b27d82fb722629698edf5356b/gnureadline-8.3.3-cp313-cp313t-macosx_10_13_x86_64.whl", hash = "sha256:8012e70db91f13409f36655a10f9752c43d9848de6d1ed379b526f3f8a449a44", size = 168490, upload-time = "2026-01-06T15:04:16.526Z" },
    { url = "https://files.pythonhosted.org/packages/6e/85/fd0f7fce581c56a45e2d53e34c29c9b82b6c3fd082533872e54d105a1bf5/gnureadline-8.3.3-cp313-cp313t-macosx_11_0_arm64.whl", hash = "sha256:da1335bdc70fc99f45578d7cdeb89bd5a16e0d26785bbe5bcc1dc1acdd7a7734", size = 168265, upload-time = "2026-01-06T15:04:18.262Z" },
    { url = "https://files.pythonhosted.org/packages/0c/b7/f8c9be26236c376c796a8b6ada0d4efe9bc604843d97c5bef0b86b4e865f/gnureadline-8.3.3-cp314-cp314-macosx_10_15_x86_64.whl", hash = "sha256:251495414ee34dd7f068e0c4f09ee46f068e0e08a75428a7fbdf41a8ffa8bb27", size = 167489, upload-time = "2026-01-06T15:04:22.465Z" },
    { url = "https://files.pythonhosted.org/packages/bd/2b/ec2958df1bbb878d56c29b5ef7fbf1f1eb2c3b27bb3e9e1b4bff71a7dfad/gnureadline-8.3.3-cp314-cp314-macosx_11_0_arm64.whl", hash = "sha256:8513db40b4c5404ad3e883ad747e0cf113ec7b0b884dff1f6f873f9a1c1d2432", size = 167309, upload-time = "2026-01-06T15:04:23.69Z" },
    { url = "https://files.pythonhosted.org/packages/c9/bc/f32652ca2e685ad11862a3b9976d0ff7bccdf476cd60921fba144b65cd41/gnureadline-8.3.3-cp314-cp314t-macosx_10_15_x86_64.whl", hash = "sha256:dfd893dac7b63f71dc41dce5d31c05388e55cb7bc6b58535e2a0eb29a5ad0352", size = 168590, upload-time = "2026-01-06T15:04:28.266Z" },
    { url = "https://files.pythonhosted.org/packages/6b/8e/30a82d454640430a472660727f16c7804848a4f4af4f0bbfca410bc4250d/gnureadline-8.3.3-cp314-cp314t-macosx_11_0_arm64.whl", hash = "sha256:1a954229ac14210f8efbbd724184f26a09a5b85ddb027a1f4ab64c22da59cf69", size = 168268, upload-time = "2026-01-06T15:04:29.467Z" },
]

[[package]]
name = "markdown-it-py"
version = "4.0.0"
source = { registry = "https://pypi.org/simple" }
dependencies = [
    { name = "mdurl" },
]
sdist = { url = "https://files.pythonhosted.org/packages/5b/f5/4ec618ed16cc4f8fb3b701563655a69816155e79e24a17b651541804721d/markdown_it_py-4.0.0.tar.gz", hash = "sha256:cb0a2b4aa34f932c007117b194e945bd74e0ec24133ceb5bac59009cda1cb9f3", size = 73070, upload-time = "2025-08-11T12:57:52.854Z" }
wheels = [
    { url = "https://files.pythonhosted.org/packages/94/54/e7d793b573f298e1c9013b8c4dade17d481164aa517d1d7148619c2cedbf/markdown_it_py-4.0.0-py3-none-any.whl", hash = "sha256:87327c59b172c5011896038353a81343b6754500a08cd7a4973bb48c6d578147", size = 87321, upload-time = "2025-08-11T12:57:51.923Z" },
]

[[package]]
name = "mdurl"
version = "0.1.2"
source = { registry = "https://pypi.org/simple" }
sdist = { url = "https://files.pythonhosted.org/packages/d6/54/cfe61301667036ec958cb99bd3efefba235e65cdeb9c84d24a8293ba1d90/mdurl-0.1.2.tar.gz", hash = "sha256:bb413d29f5eea38f31dd4754dd7377d4465116fb207585f97bf925588687c1ba", size = 8729, upload-time = "2022-08-14T12:40:10.846Z" }
wheels = [
    { url = "https://files.pythonhosted.org/packages/b3/38/89ba8ad64ae25be8de66a6d463314cf1eb366222074cfda9ee839c56a4b4/mdurl-0.1.2-py3-none-any.whl", hash = "sha256:84008a41e51615a49fc9966191ff91509e3c40b939176e643fd50a5c2196b8f8", size = 9979, upload-time = "2022-08-14T12:40:09.779Z" },
]

[[package]]
name = "phase-1-console"
version = "1.0.0"
source = { editable = "." }
dependencies = [
    { name = "cmd2" },
]

[package.metadata]
requires-dist = [{ name = "cmd2", specifier = ">=2.0.0" }]

[package.metadata.requires-dev]
dev = []

[[package]]
name = "pygments"
version = "2.19.2"
source = { registry = "https://pypi.org/simple" }
sdist = { url = "https://files.pythonhosted.org/packages/b0/77/a5b8c569bf593b0140bde72ea885a803b82086995367bf2037de0159d924/pygments-2.19.2.tar.gz", hash = "sha256:636cb2477cec7f8952536970bc533bc43743542f70392ae026374600add5b887", size = 4968631, upload-time = "2025-06-21T13:39:12.283Z" }
wheels = [
    { url = "https://files.pythonhosted.org/packages/c7/21/705964c7812476f378728bdf590ca4b771ec72385c533964653c68e86bdc/pygments-2.19.2-py3-none-any.whl", hash = "sha256:86540386c03d588bb81d44bc3928634ff26449851e99741617ecb9037ee5ec0b", size = 1225217, upload-time = "2025-06-21T13:39:07.939Z" },
]

[[package]]
name = "pyperclip"
version = "1.11.0"
source = { registry = "https://pypi.org/simple" }
sdist = { url = "https://files.pythonhosted.org/packages/e8/52/d87eba7cb129b81563019d1679026e7a112ef76855d6159d24754dbd2a51/pyperclip-1.11.0.tar.gz", hash = "sha256:244035963e4428530d9e3a6101a1ef97209c6825edab1567beac148ccc1db1b6", size = 12185, upload-time = "2025-09-26T14:40:37.245Z" }
wheels = [
    { url = "https://files.pythonhosted.org/packages/df/80/fc9d01d5ed37ba4c42ca2b55b4339ae6e200b456be3a1aaddf4a9fa99b8c/pyperclip-1.11.0-py3-none-any.whl", hash = "sha256:299403e9ff44581cb9ba2ffeed69c7aa96a008622ad0c46cb575ca75b5b84273", size = 11063, upload-time = "2025-09-26T14:40:36.069Z" },
]

[[package]]
name = "pyreadline3"
version = "3.5.4"
source = { registry = "https://pypi.org/simple" }
sdist = { url = "https://files.pythonhosted.org/packages/0f/49/4cea918a08f02817aabae639e3d0ac046fef9f9180518a3ad394e22da148/pyreadline3-3.5.4.tar.gz", hash = "sha256:8d57d53039a1c75adba8e50dd3d992b28143480816187ea5efbd5c78e6c885b7", size = 99839, upload-time = "2024-09-19T02:40:10.062Z" }
wheels = [
    { url = "https://files.pythonhosted.org/packages/5a/dc/491b7661614ab97483abf2056be1deee4dc2490ecbf7bff9ab5cdbac86e1/pyreadline3-3.5.4-py3-none-any.whl", hash = "sha256:eaf8e6cc3c49bcccf145fc6067ba8643d1df34d604a1ec0eccbf7a18e6d3fae6", size = 83178, upload-time = "2024-09-19T02:40:08.598Z" },
]

[[package]]
name = "rich"
version = "14.3.2"
source = { registry = "https://pypi.org/simple" }
dependencies = [
    { name = "markdown-it-py" },
    { name = "pygments" },
]
sdist = { url = "https://files.pythonhosted.org/packages/74/99/a4cab2acbb884f80e558b0771e97e21e939c5dfb460f488d19df485e8298/rich-14.3.2.tar.gz", hash = "sha256:e712f11c1a562a11843306f5ed999475f09ac31ffb64281f73ab29ffdda8b3b8", size = 230143, upload-time = "2026-02-01T16:20:47.908Z" }
wheels = [
    { url = "https://files.pythonhosted.org/packages/ef/45/615f5babd880b4bd7d405cc0dc348234c5ffb6ed1ea33e152ede08b2072d/rich-14.3.2-py3-none-any.whl", hash = "sha256:08e67c3e90884651da3239ea668222d19bea7b589149d8014a21c633420dbb69", size = 309963, upload-time = "2026-02-01T16:20:46.078Z" },
]

[[package]]
name = "rich-argparse"
version = "1.7.2"
source = { registry = "https://pypi.org/simple" }
dependencies = [
    { name = "rich" },
]
sdist = { url = "https://files.pythonhosted.org/packages/4c/f7/1c65e0245d4c7009a87ac92908294a66e7e7635eccf76a68550f40c6df80/rich_argparse-1.7.2.tar.gz", hash = "sha256:64fd2e948fc96e8a1a06e0e72c111c2ce7f3af74126d75c0f5f63926e7289cd1", size = 38500, upload-time = "2025-11-01T10:35:44.232Z" }
wheels = [
    { url = "https://files.pythonhosted.org/packages/04/80/97b6f357ac458d9ad9872cc3183ca09ef7439ac89e030ea43053ba1294b6/rich_argparse-1.7.2-py3-none-any.whl", hash = "sha256:0559b1f47a19bbeb82bf15f95a057f99bcbbc98385532f57937f9fc57acc501a", size = 25476, upload-time = "2025-11-01T10:35:42.681Z" },
]
